github.com/BurntSushi/toml v0.3.1 h1:WXkYYl6Yr3qBf1K79EBnL4mak0OimBfB0XUf9Vl28OQ=
github.com/BurntSushi/toml v0.3.1/go.mod h1:xHWCNGjB5oqiDr8zfno3MHue2Ht5sIBksp03qcyfWMU=
github.com/davecgh/go-spew v1.1.1/go.mod h1:J7Y8YcW2NihsgmVo/mv3lAwl/skON4iLHjSsI+c5H38=
github.com/felixge/httpsnoop v1.0.1 h1:lvB5Jl89CsZtGIWuTcDM1E/vkVs49/Ml7JJe07l8SPQ=
github.com/felixge/httpsnoop v1.0.1/go.mod h1:m8KPJKqk1gH5J9DgRY2ASl2lWCfGKXixSwevea8zH2U=
github.com/gorilla/handlers v1.5.1 h1:9lRY6j8DEeeBT10CvO9hGW0gmky0BprnvDI5vfhUHH4=
github.com/gorilla/handlers v1.5.1/go.mod h1:t8XrUpc4KVXb7HGyJ4/cEnwQiaxrX/hz1Zv/4g96P1Q=
github.com/gorilla/mux v1.8.0 h1:i40aqfkR1h2SlN9hojwV5ZA91wcXFOvkdNIeFDP5koI=
github.com/gorilla/mux v1.8.0/go.mod h1:DVbg23sWSpFRCP0SfiEN6jmj59UnW/n46BH5rLB71So=
github.com/iavealokin/Microservices v0.0.0-20210131083311-1ae17d086e9c h1:8spwbRcv5jfCUQ3yggBgoH/sL2hfaaVij3bKpXhJsRM=
github.com/iavealokin/microservices v0.0.0-20210201061936-896094c084b4 h1:TrSc4XlkAew1d/QAJ1j/3KzfJydtseoqPz+FeyUWGlE=
github.com/iavealokin/microservices/MS_REST_API v0.0.0-20210201061936-896094c084b4 h1:FWkT8wlXklwBYheIl2saN/Wi3LhtlE8s7EmQ16dklwg=
github.com/julienschmidt/httprouter v1.3.0 h1:U0609e9tgbseu3rBINet9P48AI/D3oJs4dN7jwJOQ1U=
github.com/julienschmidt/httprouter v1.3.0/go.mod h1:JR6WtHb+2LUe8TCKY3cZOxFyyO8IZAc4RVcycCCAKdM=
github.com/lib/pq v1.9.0 h1:L8nSXQQzAYByakOFMTwpjRoHsMJklur4Gi59b6VivR8=
github.com/lib/pq v1.9.0/go.mod h1:AlVN5x4E4T544tWzH6hKfbfQvm3HdbOxrmggDNAPY9o=
github.com/pmezard/go-difflib v1.0.0/go.mod h1:iKH77koFhYxTK1pcRnkKkqfTogsbg7gZNVY4sRDYZ/4=
github.com/sirupsen/logrus v1.7.0 h1:ShrD1U9pZB12TX0cVy0DtePoCH97K8EtX+mg7ZARUtM=
github.com/sirupsen/logrus v1.7.0/go.mod h1:yWOB1SBYBC5VeMP7gHvWumXLIWorT60ONWic61uBYv0=
github.com/streadway/amqp v1.0.0 h1:kuuDrUJFZL1QYL9hUNuCxNObNzB0bV/ZG5jV3RWAQgo=
github.com/streadway/amqp v1.0.0/go.mod h1:AZpEONHx3DKn8O/DFsRAY58/XVQiIPMTMB1SddzLXVw=
github.com/stretchr/testify v1.2.2/go.mod h1:a8OnRcib4nhh0OaRAV+Yts87kKdq0PP7pXfy6kDkUVs=
golang.org/x/sys v0.0.0-20191026070338-33540a1f6037 h1:YyJpGZS1sBuBCzLAR1VEpK193GlqGZbnPFnPV/5Rsb4=
golang.org/x/sys v0.0.0-20191026070338-33540a1f6037/go.mod h1:h1NjWce9XRLGQEsW7wpKNCjG9DtNlClVuFLEZdDNbEs=
